{
  "object": {
    "pins": [
      {
        "package": "ConfettiSwiftUI",
        "repositoryURL": "https://github.com/simibac/ConfettiSwiftUI.git",
        "state": {
          "branch": null,
          "revision": "8d3a15d0aa2991e0761749b767ef8d89bca6275a",
          "version": "1.0.1"
        }
      },
      {
        "package": "CwlCatchException",
        "repositoryURL": "https://github.com/mattgallagher/CwlCatchException.git",
        "state": {
          "branch": null,
          "revision": "35f9e770f54ce62dd8526470f14c6e137cef3eea",
          "version": "2.1.1"
        }
      },
      {
        "package": "CwlPreconditionTesting",
        "repositoryURL": "https://github.com/mattgallagher/CwlPreconditionTesting.git",
        "state": {
          "branch": null,
          "revision": "c21f7bab5ca8eee0a9998bbd17ca1d0eb45d4688",
          "version": "2.1.0"
        }
      },
      {
        "package": "GitHubAPI",
        "repositoryURL": "https://github.com/kamaal111/GitHubAPI.git",
        "state": {
          "branch": null,
          "revision": "61cf801b44ad22cbce46235231f91075e482b58e",
          "version": "0.1.2"
        }
      },
      {
        "package": "ICloutKit",
        "repositoryURL": "https://github.com/kamaal111/ICloutKit.git",
        "state": {
          "branch": null,
          "revision": "4e1a6a0e830bd67077520987915d95a77b8bef46",
          "version": "3.0.0"
        }
      },
      {
        "package": "InAppBrowserSUI",
        "repositoryURL": "https://github.com/kamaal111/InAppBrowserSUI.git",
        "state": {
          "branch": null,
          "revision": "191c767f7226313002ea78903dab5f11e2e05d59",
          "version": "2.1.0"
        }
      },
      {
        "package": "Logster",
        "repositoryURL": "https://github.com/kamaal111/Logster.git",
        "state": {
          "branch": null,
          "revision": "c16009fc4ca6a6e8948fca05070f0b095a7096ee",
          "version": "1.1.0"
        }
      },
      {
        "package": "ManuallyManagedObject",
        "repositoryURL": "https://github.com/kamaal111/ManuallyManagedObject.git",
        "state": {
          "branch": null,
          "revision": "ec88171cb23d1f8c6c87d421243d0408d68457bb",
          "version": "2.0.1"
        }
      },
      {
        "package": "Nimble",
        "repositoryURL": "https://github.com/Quick/Nimble.git",
        "state": {
          "branch": null,
          "revision": "1f3bde57bde12f5e7b07909848c071e9b73d6edc",
          "version": "10.0.0"
        }
      },
      {
        "package": "PopperUp",
        "repositoryURL": "https://github.com/kamaal111/PopperUp.git",
        "state": {
          "branch": null,
          "revision": "fef6c3cfcbe0e040a986639d27e0b5cb9cee4a55",
          "version": "0.3.0"
        }
      },
      {
        "package": "Quick",
        "repositoryURL": "https://github.com/Quick/Quick.git",
        "state": {
          "branch": null,
          "revision": "f9d519828bb03dfc8125467d8f7b93131951124c",
          "version": "5.0.1"
        }
      },
      {
        "package": "SalmonUI",
        "repositoryURL": "https://github.com/kamaal111/SalmonUI.git",
        "state": {
          "branch": null,
          "revision": "add6319b93b53a7330d82a06c66e11c6c5b13d30",
          "version": "5.1.0"
        }
      },
      {
        "package": "ShrimpExtensions",
        "repositoryURL": "https://github.com/kamaal111/ShrimpExtensions.git",
        "state": {
          "branch": null,
          "revision": "4a157eb4dc6dbd9d657955e0ca948e55873d997d",
          "version": "2.8.0"
        }
      },
      {
        "package": "StoreAPI",
        "repositoryURL": "https://github.com/kamaal111/StoreAPIClient.git",
        "state": {
          "branch": null,
          "revision": "9b5c4260e3577c91a0c7ad596245117c7533c8e2",
          "version": "0.1.1"
        }
      },
      {
        "package": "XiphiasNet",
        "repositoryURL": "https://github.com/kamaal111/XiphiasNet.git",
        "state": {
          "branch": null,
          "revision": "b8c2bd983f6c6df1338fdebc1d5b4740119b745b",
          "version": "7.0.0"
        }
      }
    ]
  },
  "version": 1
}
