// !$*UTF8*$!
{
	archiveVersion = 1;
	classes = {
	};
	objectVersion = 55;
	objects = {

/* Begin PBXBuildFile section */
		2C12687228A984FE003D1E56 /* PlaygroundScreen.swift in Sources */ = {isa = PBXBuildFile; fileRef = 2C12687128A984FE003D1E56 /* PlaygroundScreen.swift */; };
		2C1505E9288C26170040943A /* DayNumbersRowItem.swift in Sources */ = {isa = PBXBuildFile; fileRef = 2C1505E8288C26170040943A /* DayNumbersRowItem.swift */; };
		2C15758C289EF43E00425CDD /* FeedbackMetadata.swift in Sources */ = {isa = PBXBuildFile; fileRef = 2C15758B289EF43E00425CDD /* FeedbackMetadata.swift */; };
		2C157591289F02E900425CDD /* Tokens.json in Resources */ = {isa = PBXBuildFile; fileRef = 2C157590289F02E900425CDD /* Tokens.json */; };
		2C157593289F03B800425CDD /* TokensHolder.swift in Sources */ = {isa = PBXBuildFile; fileRef = 2C157592289F03B800425CDD /* TokensHolder.swift */; };
		2C1B19672888675D00D734D2 /* MainView.swift in Sources */ = {isa = PBXBuildFile; fileRef = 2C1B19662888675D00D734D2 /* MainView.swift */; };
		2C1B196A2888689700D734D2 /* PopperUp in Frameworks */ = {isa = PBXBuildFile; productRef = 2C1B19692888689700D734D2 /* PopperUp */; };
		2C1B196C28886CFB00D734D2 /* PopUpError.swift in Sources */ = {isa = PBXBuildFile; fileRef = 2C1B196B28886CFB00D734D2 /* PopUpError.swift */; };
		2C1B1985288874C100D734D2 /* QuickAddTaskField.swift in Sources */ = {isa = PBXBuildFile; fileRef = 2C1B1984288874C100D734D2 /* QuickAddTaskField.swift */; };
		2C1B1987288893F800D734D2 /* LoadingView.swift in Sources */ = {isa = PBXBuildFile; fileRef = 2C1B1986288893F800D734D2 /* LoadingView.swift */; };
		2C346CA4289EB1C900F1AD17 /* StackNavigator.swift in Sources */ = {isa = PBXBuildFile; fileRef = 2C346CA3289EB1C900F1AD17 /* StackNavigator.swift */; };
		2C39A919288359A1008BAFD2 /* TasktiveLocale in Frameworks */ = {isa = PBXBuildFile; productRef = 2C39A918288359A1008BAFD2 /* TasktiveLocale */; };
		2C3B27C6288C77F7007CE538 /* DateControlView.swift in Sources */ = {isa = PBXBuildFile; fileRef = 2C3B27C5288C77F7007CE538 /* DateControlView.swift */; };
		2C3B27C9288CA274007CE538 /* TaskDetailsSheet.swift in Sources */ = {isa = PBXBuildFile; fileRef = 2C3B27C8288CA274007CE538 /* TaskDetailsSheet.swift */; };
		2C47E3F22883688F00FD4469 /* Text+extensions.swift in Sources */ = {isa = PBXBuildFile; fileRef = 2C47E3F12883688F00FD4469 /* Text+extensions.swift */; };
		2C47E3FB28836A6A00FD4469 /* DeviceModel.swift in Sources */ = {isa = PBXBuildFile; fileRef = 2C47E3FA28836A6A00FD4469 /* DeviceModel.swift */; };
		2C47E3FD28836B2200FD4469 /* NotificationName+extensions.swift in Sources */ = {isa = PBXBuildFile; fileRef = 2C47E3FC28836B2200FD4469 /* NotificationName+extensions.swift */; };
		2C47E40128836FBF00FD4469 /* SalmonUI in Frameworks */ = {isa = PBXBuildFile; productRef = 2C47E40028836FBF00FD4469 /* SalmonUI */; };
		2C47E4042883719000FD4469 /* Sidebar.swift in Sources */ = {isa = PBXBuildFile; fileRef = 2C47E4032883719000FD4469 /* Sidebar.swift */; };
		2C47E406288371A300FD4469 /* DetailsColumn.swift in Sources */ = {isa = PBXBuildFile; fileRef = 2C47E405288371A300FD4469 /* DetailsColumn.swift */; };
		2C51C90D28847115008939F7 /* AppSizes.swift in Sources */ = {isa = PBXBuildFile; fileRef = 2C51C90C28847115008939F7 /* AppSizes.swift */; };
		2C51C90F28847438008939F7 /* Constants.swift in Sources */ = {isa = PBXBuildFile; fileRef = 2C51C90E28847438008939F7 /* Constants.swift */; };
		2C51C91128847C3B008939F7 /* DataClient.swift in Sources */ = {isa = PBXBuildFile; fileRef = 2C51C91028847C3B008939F7 /* DataClient.swift */; };
		2C51C91328847F9E008939F7 /* TasksViewModel.swift in Sources */ = {isa = PBXBuildFile; fileRef = 2C51C91228847F9E008939F7 /* TasksViewModel.swift */; };
		2C51C916288481A9008939F7 /* AppTask.swift in Sources */ = {isa = PBXBuildFile; fileRef = 2C51C915288481A9008939F7 /* AppTask.swift */; };
		2C51C918288481F7008939F7 /* Taskable.swift in Sources */ = {isa = PBXBuildFile; fileRef = 2C51C917288481F7008939F7 /* Taskable.swift */; };
		2C51C91A28848392008939F7 /* CoreTask+Taskable.swift in Sources */ = {isa = PBXBuildFile; fileRef = 2C51C91928848392008939F7 /* CoreTask+Taskable.swift */; };
		2C5AB1B9288D7C870069911C /* ScreenWrapper.swift in Sources */ = {isa = PBXBuildFile; fileRef = 2C5AB1B8288D7C870069911C /* ScreenWrapper.swift */; };
		2C62FA2F28A7E95F00200BF9 /* StoreKitDonation.swift in Sources */ = {isa = PBXBuildFile; fileRef = 2C62FA2E28A7E95F00200BF9 /* StoreKitDonation.swift */; };
		2C750F66288C2F9400026D67 /* CircularProgressBar.swift in Sources */ = {isa = PBXBuildFile; fileRef = 2C750F65288C2F9400026D67 /* CircularProgressBar.swift */; };
		2C750F68288C31CF00026D67 /* ProgressSection.swift in Sources */ = {isa = PBXBuildFile; fileRef = 2C750F67288C31CF00026D67 /* ProgressSection.swift */; };
		2C750F6A288C328C00026D67 /* TasksSection.swift in Sources */ = {isa = PBXBuildFile; fileRef = 2C750F69288C328C00026D67 /* TasksSection.swift */; };
		2C750F6C288C335A00026D67 /* TaskItemView.swift in Sources */ = {isa = PBXBuildFile; fileRef = 2C750F6B288C335A00026D67 /* TaskItemView.swift */; };
		2CADF16D2895AAA300F5F6B7 /* AppSection.swift in Sources */ = {isa = PBXBuildFile; fileRef = 2CADF16C2895AAA300F5F6B7 /* AppSection.swift */; };
		2CAF4E41288DD036007C2D1A /* SettingsUI in Frameworks */ = {isa = PBXBuildFile; productRef = 2CAF4E40288DD036007C2D1A /* SettingsUI */; };
		2CBCE6072881DE240057F4CD /* TasktiveApp.swift in Sources */ = {isa = PBXBuildFile; fileRef = 2CBCE6062881DE240057F4CD /* TasktiveApp.swift */; };
		2CBCE6092881DE240057F4CD /* Persistence.swift in Sources */ = {isa = PBXBuildFile; fileRef = 2CBCE6082881DE240057F4CD /* Persistence.swift */; };
		2CBCE60C2881DE240057F4CD /* Tasktive.xcdatamodeld in Sources */ = {isa = PBXBuildFile; fileRef = 2CBCE60A2881DE240057F4CD /* Tasktive.xcdatamodeld */; };
		2CBCE60E2881DE240057F4CD /* ContentView.swift in Sources */ = {isa = PBXBuildFile; fileRef = 2CBCE60D2881DE240057F4CD /* ContentView.swift */; };
		2CBCE6102881DE270057F4CD /* Assets.xcassets in Resources */ = {isa = PBXBuildFile; fileRef = 2CBCE60F2881DE270057F4CD /* Assets.xcassets */; };
		2CBCE6142881DE270057F4CD /* Preview Assets.xcassets in Resources */ = {isa = PBXBuildFile; fileRef = 2CBCE6132881DE270057F4CD /* Preview Assets.xcassets */; };
		2CC79CE3288D78A400FD5792 /* SettingsScreen.swift in Sources */ = {isa = PBXBuildFile; fileRef = 2CC79CE2288D78A400FD5792 /* SettingsScreen.swift */; };
		2CCCADB72881F94D0033E2EF /* CoreTask+CRUD.swift in Sources */ = {isa = PBXBuildFile; fileRef = 2CCCADB62881F94D0033E2EF /* CoreTask+CRUD.swift */; };
		2CCCADC02881FCF00033E2EF /* CoreTaskSpec.swift in Sources */ = {isa = PBXBuildFile; fileRef = 2CCCADBF2881FCF00033E2EF /* CoreTaskSpec.swift */; };
		2CCCADC82881FECB0033E2EF /* Quick in Frameworks */ = {isa = PBXBuildFile; productRef = 2CCCADC72881FECB0033E2EF /* Quick */; };
		2CCCADCE2882010F0033E2EF /* Nimble in Frameworks */ = {isa = PBXBuildFile; productRef = 2CCCADCD2882010F0033E2EF /* Nimble */; };
		2CCCADD1288203720033E2EF /* Logster.swift in Sources */ = {isa = PBXBuildFile; fileRef = 2CCCADD0288203720033E2EF /* Logster.swift */; };
		2CCCADD4288204100033E2EF /* Crudable.swift in Sources */ = {isa = PBXBuildFile; fileRef = 2CCCADD3288204100033E2EF /* Crudable.swift */; };
		2CDC17E828A02E5400F07CF0 /* CoreBase+CoreDataClass.swift in Sources */ = {isa = PBXBuildFile; fileRef = 2CDC17E628A02E5400F07CF0 /* CoreBase+CoreDataClass.swift */; };
		2CDC17E928A02E5400F07CF0 /* CoreBase+CoreDataProperties.swift in Sources */ = {isa = PBXBuildFile; fileRef = 2CDC17E728A02E5400F07CF0 /* CoreBase+CoreDataProperties.swift */; };
		2CDC17F028A02F8D00F07CF0 /* CoreTaskList+CoreDataClass.swift in Sources */ = {isa = PBXBuildFile; fileRef = 2CDC17EE28A02F8D00F07CF0 /* CoreTaskList+CoreDataClass.swift */; };
		2CDC17F128A02F8D00F07CF0 /* CoreTaskList+CoreDataProperties.swift in Sources */ = {isa = PBXBuildFile; fileRef = 2CDC17EF28A02F8D00F07CF0 /* CoreTaskList+CoreDataProperties.swift */; };
		2CDC17F428A0300400F07CF0 /* CoreTask+CoreDataClass.swift in Sources */ = {isa = PBXBuildFile; fileRef = 2CDC17F228A0300400F07CF0 /* CoreTask+CoreDataClass.swift */; };
		2CDC17F528A0300400F07CF0 /* CoreTask+CoreDataProperties.swift in Sources */ = {isa = PBXBuildFile; fileRef = 2CDC17F328A0300400F07CF0 /* CoreTask+CoreDataProperties.swift */; };
		2CDC17F828A030D600F07CF0 /* CoreAttachments+CoreDataClass.swift in Sources */ = {isa = PBXBuildFile; fileRef = 2CDC17F628A030D600F07CF0 /* CoreAttachments+CoreDataClass.swift */; };
		2CDC17F928A030D600F07CF0 /* CoreAttachments+CoreDataProperties.swift in Sources */ = {isa = PBXBuildFile; fileRef = 2CDC17F728A030D600F07CF0 /* CoreAttachments+CoreDataProperties.swift */; };
		2CDC17FC28A031AF00F07CF0 /* CoreReminder+CoreDataClass.swift in Sources */ = {isa = PBXBuildFile; fileRef = 2CDC17FA28A031AF00F07CF0 /* CoreReminder+CoreDataClass.swift */; };
		2CDC17FD28A031AF00F07CF0 /* CoreReminder+CoreDataProperties.swift in Sources */ = {isa = PBXBuildFile; fileRef = 2CDC17FB28A031AF00F07CF0 /* CoreReminder+CoreDataProperties.swift */; };
		2CDC180028A0321B00F07CF0 /* CoreTag+CoreDataClass.swift in Sources */ = {isa = PBXBuildFile; fileRef = 2CDC17FE28A0321B00F07CF0 /* CoreTag+CoreDataClass.swift */; };
		2CDC180128A0321B00F07CF0 /* CoreTag+CoreDataProperties.swift in Sources */ = {isa = PBXBuildFile; fileRef = 2CDC17FF28A0321B00F07CF0 /* CoreTag+CoreDataProperties.swift */; };
		2CDC6DA6288D616B00BF8E06 /* ToolbarButton.swift in Sources */ = {isa = PBXBuildFile; fileRef = 2CDC6DA5288D616B00BF8E06 /* ToolbarButton.swift */; };
		2CDFB1B028A6DA53004ACED7 /* Colors.swift in Sources */ = {isa = PBXBuildFile; fileRef = 2CDFB1AF28A6DA53004ACED7 /* Colors.swift */; };
		2CF24AA62884289100778BD9 /* NamiNavigator.swift in Sources */ = {isa = PBXBuildFile; fileRef = 2CF24AA52884289100778BD9 /* NamiNavigator.swift */; };
		2CF24AA828842AEB00778BD9 /* AppTabView.swift in Sources */ = {isa = PBXBuildFile; fileRef = 2CF24AA728842AEB00778BD9 /* AppTabView.swift */; };
		2CF24AAA28842B5B00778BD9 /* View+extensions.swift in Sources */ = {isa = PBXBuildFile; fileRef = 2CF24AA928842B5B00778BD9 /* View+extensions.swift */; };
		2CF24AAE28842F9A00778BD9 /* ShrimpExtensions in Frameworks */ = {isa = PBXBuildFile; productRef = 2CF24AAD28842F9A00778BD9 /* ShrimpExtensions */; };
		2CF24AB128843FE800778BD9 /* TasksScreen.swift in Sources */ = {isa = PBXBuildFile; fileRef = 2CF24AB028843FE800778BD9 /* TasksScreen.swift */; };
		2CFCA0A428A977CE007A08F2 /* AppDelegate_macOS.swift in Sources */ = {isa = PBXBuildFile; fileRef = 2CFCA0A328A977CE007A08F2 /* AppDelegate_macOS.swift */; };
		2CFCA0A628A97842007A08F2 /* AppDelegate_iOS.swift in Sources */ = {isa = PBXBuildFile; fileRef = 2CFCA0A528A97842007A08F2 /* AppDelegate_iOS.swift */; };
		2CFEB90128A43905000B1667 /* Theme.swift in Sources */ = {isa = PBXBuildFile; fileRef = 2CFEB90028A43905000B1667 /* Theme.swift */; };
		2CFEB90328A43F75000B1667 /* UserDefaults+extensions.swift in Sources */ = {isa = PBXBuildFile; fileRef = 2CFEB90228A43F75000B1667 /* UserDefaults+extensions.swift */; };
/* End PBXBuildFile section */

/* Begin PBXContainerItemProxy section */
		2CCCADC12881FCF00033E2EF /* PBXContainerItemProxy */ = {
			isa = PBXContainerItemProxy;
			containerPortal = 2CBCE5FB2881DE240057F4CD /* Project object */;
			proxyType = 1;
			remoteGlobalIDString = 2CBCE6022881DE240057F4CD;
			remoteInfo = Tasktive;
		};
/* End PBXContainerItemProxy section */

/* Begin PBXFileReference section */
		2C03068628A006E70071F0CA /* Cargo.toml */ = {isa = PBXFileReference; lastKnownFileType = text; path = Cargo.toml; sourceTree = "<group>"; };
		2C03071428A006E80071F0CA /* Cargo.lock */ = {isa = PBXFileReference; lastKnownFileType = text; path = Cargo.lock; sourceTree = "<group>"; };
		2C03071628A006E80071F0CA /* main.rs */ = {isa = PBXFileReference; lastKnownFileType = text; path = main.rs; sourceTree = "<group>"; };
		2C07056028A0393E0058F646 /* clear_mac_data.sh */ = {isa = PBXFileReference; lastKnownFileType = text.script.sh; path = clear_mac_data.sh; sourceTree = "<group>"; };
		2C12687128A984FE003D1E56 /* PlaygroundScreen.swift */ = {isa = PBXFileReference; lastKnownFileType = sourcecode.swift; path = PlaygroundScreen.swift; sourceTree = "<group>"; };
		2C1505E8288C26170040943A /* DayNumbersRowItem.swift */ = {isa = PBXFileReference; lastKnownFileType = sourcecode.swift; path = DayNumbersRowItem.swift; sourceTree = "<group>"; };
		2C15758B289EF43E00425CDD /* FeedbackMetadata.swift */ = {isa = PBXFileReference; lastKnownFileType = sourcecode.swift; path = FeedbackMetadata.swift; sourceTree = "<group>"; };
		2C157590289F02E900425CDD /* Tokens.json */ = {isa = PBXFileReference; lastKnownFileType = text.json; path = Tokens.json; sourceTree = "<group>"; };
		2C157592289F03B800425CDD /* TokensHolder.swift */ = {isa = PBXFileReference; lastKnownFileType = sourcecode.swift; path = TokensHolder.swift; sourceTree = "<group>"; };
		2C1B19662888675D00D734D2 /* MainView.swift */ = {isa = PBXFileReference; lastKnownFileType = sourcecode.swift; path = MainView.swift; sourceTree = "<group>"; };
		2C1B196B28886CFB00D734D2 /* PopUpError.swift */ = {isa = PBXFileReference; lastKnownFileType = sourcecode.swift; path = PopUpError.swift; sourceTree = "<group>"; };
		2C1B1984288874C100D734D2 /* QuickAddTaskField.swift */ = {isa = PBXFileReference; lastKnownFileType = sourcecode.swift; path = QuickAddTaskField.swift; sourceTree = "<group>"; };
		2C1B1986288893F800D734D2 /* LoadingView.swift */ = {isa = PBXFileReference; lastKnownFileType = sourcecode.swift; path = LoadingView.swift; sourceTree = "<group>"; };
		2C21A68E2896818000693CF2 /* yarn.lock */ = {isa = PBXFileReference; lastKnownFileType = text; path = yarn.lock; sourceTree = "<group>"; };
		2C346CA3289EB1C900F1AD17 /* StackNavigator.swift */ = {isa = PBXFileReference; lastKnownFileType = sourcecode.swift; path = StackNavigator.swift; sourceTree = "<group>"; };
		2C39A91728835847008BAFD2 /* TasktiveLocale */ = {isa = PBXFileReference; lastKnownFileType = wrapper; path = TasktiveLocale; sourceTree = "<group>"; };
		2C39A91C28835ADF008BAFD2 /* run.sh */ = {isa = PBXFileReference; lastKnownFileType = text.script.sh; path = run.sh; sourceTree = "<group>"; };
		2C3B27C5288C77F7007CE538 /* DateControlView.swift */ = {isa = PBXFileReference; lastKnownFileType = sourcecode.swift; path = DateControlView.swift; sourceTree = "<group>"; };
		2C3B27C8288CA274007CE538 /* TaskDetailsSheet.swift */ = {isa = PBXFileReference; lastKnownFileType = sourcecode.swift; path = TaskDetailsSheet.swift; sourceTree = "<group>"; };
		2C47E3F12883688F00FD4469 /* Text+extensions.swift */ = {isa = PBXFileReference; lastKnownFileType = sourcecode.swift; path = "Text+extensions.swift"; sourceTree = "<group>"; };
		2C47E3F32883692800FD4469 /* locale.js */ = {isa = PBXFileReference; lastKnownFileType = sourcecode.javascript; path = locale.js; sourceTree = "<group>"; };
		2C47E3F42883693400FD4469 /* en.js */ = {isa = PBXFileReference; lastKnownFileType = sourcecode.javascript; path = en.js; sourceTree = "<group>"; };
		2C47E3F62883694200FD4469 /* README.md */ = {isa = PBXFileReference; lastKnownFileType = net.daringfireball.markdown; path = README.md; sourceTree = "<group>"; };
		2C47E3F72883694200FD4469 /* Localize.js */ = {isa = PBXFileReference; lastKnownFileType = sourcecode.javascript; path = Localize.js; sourceTree = "<group>"; };
		2C47E3FA28836A6A00FD4469 /* DeviceModel.swift */ = {isa = PBXFileReference; lastKnownFileType = sourcecode.swift; path = DeviceModel.swift; sourceTree = "<group>"; };
		2C47E3FC28836B2200FD4469 /* NotificationName+extensions.swift */ = {isa = PBXFileReference; lastKnownFileType = sourcecode.swift; path = "NotificationName+extensions.swift"; sourceTree = "<group>"; };
		2C47E4032883719000FD4469 /* Sidebar.swift */ = {isa = PBXFileReference; lastKnownFileType = sourcecode.swift; path = Sidebar.swift; sourceTree = "<group>"; };
		2C47E405288371A300FD4469 /* DetailsColumn.swift */ = {isa = PBXFileReference; lastKnownFileType = sourcecode.swift; path = DetailsColumn.swift; sourceTree = "<group>"; };
		2C51C90C28847115008939F7 /* AppSizes.swift */ = {isa = PBXFileReference; lastKnownFileType = sourcecode.swift; path = AppSizes.swift; sourceTree = "<group>"; };
		2C51C90E28847438008939F7 /* Constants.swift */ = {isa = PBXFileReference; lastKnownFileType = sourcecode.swift; path = Constants.swift; sourceTree = "<group>"; };
		2C51C91028847C3B008939F7 /* DataClient.swift */ = {isa = PBXFileReference; lastKnownFileType = sourcecode.swift; path = DataClient.swift; sourceTree = "<group>"; };
		2C51C91228847F9E008939F7 /* TasksViewModel.swift */ = {isa = PBXFileReference; lastKnownFileType = sourcecode.swift; path = TasksViewModel.swift; sourceTree = "<group>"; };
		2C51C915288481A9008939F7 /* AppTask.swift */ = {isa = PBXFileReference; lastKnownFileType = sourcecode.swift; path = AppTask.swift; sourceTree = "<group>"; };
		2C51C917288481F7008939F7 /* Taskable.swift */ = {isa = PBXFileReference; lastKnownFileType = sourcecode.swift; path = Taskable.swift; sourceTree = "<group>"; };
		2C51C91928848392008939F7 /* CoreTask+Taskable.swift */ = {isa = PBXFileReference; lastKnownFileType = sourcecode.swift; path = "CoreTask+Taskable.swift"; sourceTree = "<group>"; };
		2C5AB1B8288D7C870069911C /* ScreenWrapper.swift */ = {isa = PBXFileReference; lastKnownFileType = sourcecode.swift; path = ScreenWrapper.swift; sourceTree = "<group>"; };
		2C62FA2E28A7E95F00200BF9 /* StoreKitDonation.swift */ = {isa = PBXFileReference; lastKnownFileType = sourcecode.swift; path = StoreKitDonation.swift; sourceTree = "<group>"; };
		2C750F65288C2F9400026D67 /* CircularProgressBar.swift */ = {isa = PBXFileReference; lastKnownFileType = sourcecode.swift; path = CircularProgressBar.swift; sourceTree = "<group>"; };
		2C750F67288C31CF00026D67 /* ProgressSection.swift */ = {isa = PBXFileReference; lastKnownFileType = sourcecode.swift; path = ProgressSection.swift; sourceTree = "<group>"; };
		2C750F69288C328C00026D67 /* TasksSection.swift */ = {isa = PBXFileReference; lastKnownFileType = sourcecode.swift; path = TasksSection.swift; sourceTree = "<group>"; };
		2C750F6B288C335A00026D67 /* TaskItemView.swift */ = {isa = PBXFileReference; lastKnownFileType = sourcecode.swift; path = TaskItemView.swift; sourceTree = "<group>"; };
		2C8B0CDD288DD73A00041EF8 /* SettingsUI */ = {isa = PBXFileReference; lastKnownFileType = wrapper; path = SettingsUI; sourceTree = "<group>"; };
		2CA7A02F28A8F5910031C219 /* Donations.storekit */ = {isa = PBXFileReference; lastKnownFileType = text; path = Donations.storekit; sourceTree = "<group>"; };
		2CADF16C2895AAA300F5F6B7 /* AppSection.swift */ = {isa = PBXFileReference; lastKnownFileType = sourcecode.swift; path = AppSection.swift; sourceTree = "<group>"; };
		2CBCE6032881DE240057F4CD /* Tasktive.app */ = {isa = PBXFileReference; explicitFileType = wrapper.application; includeInIndex = 0; path = Tasktive.app; sourceTree = BUILT_PRODUCTS_DIR; };
		2CBCE6062881DE240057F4CD /* TasktiveApp.swift */ = {isa = PBXFileReference; lastKnownFileType = sourcecode.swift; path = TasktiveApp.swift; sourceTree = "<group>"; };
		2CBCE6082881DE240057F4CD /* Persistence.swift */ = {isa = PBXFileReference; lastKnownFileType = sourcecode.swift; path = Persistence.swift; sourceTree = "<group>"; };
		2CBCE60B2881DE240057F4CD /* Tasktive.xcdatamodel */ = {isa = PBXFileReference; lastKnownFileType = wrapper.xcdatamodel; path = Tasktive.xcdatamodel; sourceTree = "<group>"; };
		2CBCE60D2881DE240057F4CD /* ContentView.swift */ = {isa = PBXFileReference; lastKnownFileType = sourcecode.swift; path = ContentView.swift; sourceTree = "<group>"; };
		2CBCE60F2881DE270057F4CD /* Assets.xcassets */ = {isa = PBXFileReference; lastKnownFileType = folder.assetcatalog; path = Assets.xcassets; sourceTree = "<group>"; };
		2CBCE6112881DE270057F4CD /* Tasktive.entitlements */ = {isa = PBXFileReference; lastKnownFileType = text.plist.entitlements; path = Tasktive.entitlements; sourceTree = "<group>"; };
		2CBCE6132881DE270057F4CD /* Preview Assets.xcassets */ = {isa = PBXFileReference; lastKnownFileType = folder.assetcatalog; path = "Preview Assets.xcassets"; sourceTree = "<group>"; };
		2CC79CE2288D78A400FD5792 /* SettingsScreen.swift */ = {isa = PBXFileReference; lastKnownFileType = sourcecode.swift; path = SettingsScreen.swift; sourceTree = "<group>"; };
		2CCCADAA2881EFB60033E2EF /* README.md */ = {isa = PBXFileReference; lastKnownFileType = net.daringfireball.markdown; path = README.md; sourceTree = "<group>"; };
		2CCCADAB2881F1750033E2EF /* LICENSE */ = {isa = PBXFileReference; lastKnownFileType = text; path = LICENSE; sourceTree = "<group>"; };
		2CCCADAD2881F1CC0033E2EF /* pre_compile.sh */ = {isa = PBXFileReference; lastKnownFileType = text.script.sh; path = pre_compile.sh; sourceTree = "<group>"; };
		2CCCADB62881F94D0033E2EF /* CoreTask+CRUD.swift */ = {isa = PBXFileReference; lastKnownFileType = sourcecode.swift; path = "CoreTask+CRUD.swift"; sourceTree = "<group>"; };
		2CCCADBD2881FCF00033E2EF /* CoreTaskTests.xctest */ = {isa = PBXFileReference; explicitFileType = wrapper.cfbundle; includeInIndex = 0; path = CoreTaskTests.xctest; sourceTree = BUILT_PRODUCTS_DIR; };
		2CCCADBF2881FCF00033E2EF /* CoreTaskSpec.swift */ = {isa = PBXFileReference; lastKnownFileType = sourcecode.swift; path = CoreTaskSpec.swift; sourceTree = "<group>"; };
		2CCCADD0288203720033E2EF /* Logster.swift */ = {isa = PBXFileReference; lastKnownFileType = sourcecode.swift; path = Logster.swift; sourceTree = "<group>"; };
		2CCCADD3288204100033E2EF /* Crudable.swift */ = {isa = PBXFileReference; lastKnownFileType = sourcecode.swift; path = Crudable.swift; sourceTree = "<group>"; };
		2CDC17E628A02E5400F07CF0 /* CoreBase+CoreDataClass.swift */ = {isa = PBXFileReference; lastKnownFileType = sourcecode.swift; path = "CoreBase+CoreDataClass.swift"; sourceTree = "<group>"; };
		2CDC17E728A02E5400F07CF0 /* CoreBase+CoreDataProperties.swift */ = {isa = PBXFileReference; lastKnownFileType = sourcecode.swift; path = "CoreBase+CoreDataProperties.swift"; sourceTree = "<group>"; };
		2CDC17EE28A02F8D00F07CF0 /* CoreTaskList+CoreDataClass.swift */ = {isa = PBXFileReference; lastKnownFileType = sourcecode.swift; path = "CoreTaskList+CoreDataClass.swift"; sourceTree = "<group>"; };
		2CDC17EF28A02F8D00F07CF0 /* CoreTaskList+CoreDataProperties.swift */ = {isa = PBXFileReference; lastKnownFileType = sourcecode.swift; path = "CoreTaskList+CoreDataProperties.swift"; sourceTree = "<group>"; };
		2CDC17F228A0300400F07CF0 /* CoreTask+CoreDataClass.swift */ = {isa = PBXFileReference; lastKnownFileType = sourcecode.swift; path = "CoreTask+CoreDataClass.swift"; sourceTree = "<group>"; };
		2CDC17F328A0300400F07CF0 /* CoreTask+CoreDataProperties.swift */ = {isa = PBXFileReference; lastKnownFileType = sourcecode.swift; path = "CoreTask+CoreDataProperties.swift"; sourceTree = "<group>"; };
		2CDC17F628A030D600F07CF0 /* CoreAttachments+CoreDataClass.swift */ = {isa = PBXFileReference; lastKnownFileType = sourcecode.swift; path = "CoreAttachments+CoreDataClass.swift"; sourceTree = "<group>"; };
		2CDC17F728A030D600F07CF0 /* CoreAttachments+CoreDataProperties.swift */ = {isa = PBXFileReference; lastKnownFileType = sourcecode.swift; path = "CoreAttachments+CoreDataProperties.swift"; sourceTree = "<group>"; };
		2CDC17FA28A031AF00F07CF0 /* CoreReminder+CoreDataClass.swift */ = {isa = PBXFileReference; lastKnownFileType = sourcecode.swift; path = "CoreReminder+CoreDataClass.swift"; sourceTree = "<group>"; };
		2CDC17FB28A031AF00F07CF0 /* CoreReminder+CoreDataProperties.swift */ = {isa = PBXFileReference; lastKnownFileType = sourcecode.swift; path = "CoreReminder+CoreDataProperties.swift"; sourceTree = "<group>"; };
		2CDC17FE28A0321B00F07CF0 /* CoreTag+CoreDataClass.swift */ = {isa = PBXFileReference; lastKnownFileType = sourcecode.swift; path = "CoreTag+CoreDataClass.swift"; sourceTree = "<group>"; };
		2CDC17FF28A0321B00F07CF0 /* CoreTag+CoreDataProperties.swift */ = {isa = PBXFileReference; lastKnownFileType = sourcecode.swift; path = "CoreTag+CoreDataProperties.swift"; sourceTree = "<group>"; };
		2CDC6DA5288D616B00BF8E06 /* ToolbarButton.swift */ = {isa = PBXFileReference; lastKnownFileType = sourcecode.swift; path = ToolbarButton.swift; sourceTree = "<group>"; };
		2CDFB1AF28A6DA53004ACED7 /* Colors.swift */ = {isa = PBXFileReference; lastKnownFileType = sourcecode.swift; path = Colors.swift; sourceTree = "<group>"; };
		2CE0C86C28A8621200B54EC9 /* bootstrap.sh */ = {isa = PBXFileReference; lastKnownFileType = text.script.sh; path = bootstrap.sh; sourceTree = "<group>"; };
		2CE0C86D28A8625500B54EC9 /* Brewfile */ = {isa = PBXFileReference; lastKnownFileType = text; path = Brewfile; sourceTree = "<group>"; };
		2CF24AA52884289100778BD9 /* NamiNavigator.swift */ = {isa = PBXFileReference; lastKnownFileType = sourcecode.swift; path = NamiNavigator.swift; sourceTree = "<group>"; };
		2CF24AA728842AEB00778BD9 /* AppTabView.swift */ = {isa = PBXFileReference; lastKnownFileType = sourcecode.swift; path = AppTabView.swift; sourceTree = "<group>"; };
		2CF24AA928842B5B00778BD9 /* View+extensions.swift */ = {isa = PBXFileReference; lastKnownFileType = sourcecode.swift; path = "View+extensions.swift"; sourceTree = "<group>"; };
		2CF24AAB28842E2600778BD9 /* package.json */ = {isa = PBXFileReference; lastKnownFileType = text.json; path = package.json; sourceTree = "<group>"; };
		2CF24AB028843FE800778BD9 /* TasksScreen.swift */ = {isa = PBXFileReference; lastKnownFileType = sourcecode.swift; path = TasksScreen.swift; sourceTree = "<group>"; };
		2CFCA0A328A977CE007A08F2 /* AppDelegate_macOS.swift */ = {isa = PBXFileReference; lastKnownFileType = sourcecode.swift; path = AppDelegate_macOS.swift; sourceTree = "<group>"; };
		2CFCA0A528A97842007A08F2 /* AppDelegate_iOS.swift */ = {isa = PBXFileReference; lastKnownFileType = sourcecode.swift; path = AppDelegate_iOS.swift; sourceTree = "<group>"; };
		2CFEB90028A43905000B1667 /* Theme.swift */ = {isa = PBXFileReference; lastKnownFileType = sourcecode.swift; path = Theme.swift; sourceTree = "<group>"; };
		2CFEB90228A43F75000B1667 /* UserDefaults+extensions.swift */ = {isa = PBXFileReference; lastKnownFileType = sourcecode.swift; path = "UserDefaults+extensions.swift"; sourceTree = "<group>"; };
/* End PBXFileReference section */

/* Begin PBXFrameworksBuildPhase section */
		2CBCE6002881DE240057F4CD /* Frameworks */ = {
			isa = PBXFrameworksBuildPhase;
			buildActionMask = 2147483647;
			files = (
				2C47E40128836FBF00FD4469 /* SalmonUI in Frameworks */,
				2CF24AAE28842F9A00778BD9 /* ShrimpExtensions in Frameworks */,
				2CAF4E41288DD036007C2D1A /* SettingsUI in Frameworks */,
				2C39A919288359A1008BAFD2 /* TasktiveLocale in Frameworks */,
				2C1B196A2888689700D734D2 /* PopperUp in Frameworks */,
			);
			runOnlyForDeploymentPostprocessing = 0;
		};
		2CCCADBA2881FCF00033E2EF /* Frameworks */ = {
			isa = PBXFrameworksBuildPhase;
			buildActionMask = 2147483647;
			files = (
				2CCCADC82881FECB0033E2EF /* Quick in Frameworks */,
				2CCCADCE2882010F0033E2EF /* Nimble in Frameworks */,
			);
			runOnlyForDeploymentPostprocessing = 0;
		};
/* End PBXFrameworksBuildPhase section */

/* Begin PBXGroup section */
		2C03068528A006E70071F0CA /* generate_tokens */ = {
			isa = PBXGroup;
			children = (
				2C03068628A006E70071F0CA /* Cargo.toml */,
				2C03071428A006E80071F0CA /* Cargo.lock */,
				2C03071528A006E80071F0CA /* src */,
			);
			path = generate_tokens;
			sourceTree = "<group>";
		};
		2C03071528A006E80071F0CA /* src */ = {
			isa = PBXGroup;
			children = (
				2C03071628A006E80071F0CA /* main.rs */,
			);
			path = src;
			sourceTree = "<group>";
		};
		2C12686E28A982D1003D1E56 /* SwiftUI */ = {
			isa = PBXGroup;
			children = (
				2C12686F28A982DA003D1E56 /* Commands */,
			);
			path = SwiftUI;
			sourceTree = "<group>";
		};
		2C12686F28A982DA003D1E56 /* Commands */ = {
			isa = PBXGroup;
			children = (
			);
			path = Commands;
			sourceTree = "<group>";
		};
		2C12687028A984E3003D1E56 /* Playground */ = {
			isa = PBXGroup;
			children = (
				2C12687128A984FE003D1E56 /* PlaygroundScreen.swift */,
			);
			path = Playground;
			sourceTree = "<group>";
		};
		2C15758D289F026000425CDD /* Resources */ = {
			isa = PBXGroup;
			children = (
				2C157590289F02E900425CDD /* Tokens.json */,
				2CBCE60F2881DE270057F4CD /* Assets.xcassets */,
				2CA7A03028A8F7320031C219 /* StoreKit */,
			);
			path = Resources;
			sourceTree = "<group>";
		};
		2C1B196D2888712B00D734D2 /* CoreTag */ = {
			isa = PBXGroup;
			children = (
				2CDC17FE28A0321B00F07CF0 /* CoreTag+CoreDataClass.swift */,
				2CDC17FF28A0321B00F07CF0 /* CoreTag+CoreDataProperties.swift */,
			);
			path = CoreTag;
			sourceTree = "<group>";
		};
		2C1B19722888716700D734D2 /* CoreReminder */ = {
			isa = PBXGroup;
			children = (
				2CDC17FA28A031AF00F07CF0 /* CoreReminder+CoreDataClass.swift */,
				2CDC17FB28A031AF00F07CF0 /* CoreReminder+CoreDataProperties.swift */,
			);
			path = CoreReminder;
			sourceTree = "<group>";
		};
		2C1B1977288871BA00D734D2 /* CoreAttachments */ = {
			isa = PBXGroup;
			children = (
				2CDC17F628A030D600F07CF0 /* CoreAttachments+CoreDataClass.swift */,
				2CDC17F728A030D600F07CF0 /* CoreAttachments+CoreDataProperties.swift */,
			);
			path = CoreAttachments;
			sourceTree = "<group>";
		};
		2C39A916288357CA008BAFD2 /* Packages */ = {
			isa = PBXGroup;
			children = (
				2C8B0CDD288DD73A00041EF8 /* SettingsUI */,
				2C39A91728835847008BAFD2 /* TasktiveLocale */,
			);
			path = Packages;
			sourceTree = "<group>";
		};
		2C39A91A28835AAD008BAFD2 /* GenerateLocales */ = {
			isa = PBXGroup;
			children = (
				2C47E3F32883692800FD4469 /* locale.js */,
				2C39A91C28835ADF008BAFD2 /* run.sh */,
				2C47E3F52883694200FD4469 /* Localize.js */,
			);
			path = GenerateLocales;
			sourceTree = "<group>";
		};
		2C39A91B28835AC1008BAFD2 /* Locales */ = {
			isa = PBXGroup;
			children = (
				2C47E3F42883693400FD4469 /* en.js */,
			);
			path = Locales;
			sourceTree = "<group>";
		};
		2C3B27C7288CA260007CE538 /* Sheets */ = {
			isa = PBXGroup;
			children = (
				2C3B27C8288CA274007CE538 /* TaskDetailsSheet.swift */,
			);
			path = Sheets;
			sourceTree = "<group>";
		};
		2C47E3F02883685D00FD4469 /* Extensions */ = {
			isa = PBXGroup;
			children = (
				2CDFB1AF28A6DA53004ACED7 /* Colors.swift */,
				2C47E3FC28836B2200FD4469 /* NotificationName+extensions.swift */,
				2C47E3F12883688F00FD4469 /* Text+extensions.swift */,
				2CFEB90228A43F75000B1667 /* UserDefaults+extensions.swift */,
				2CF24AA928842B5B00778BD9 /* View+extensions.swift */,
			);
			path = Extensions;
			sourceTree = "<group>";
		};
		2C47E3F52883694200FD4469 /* Localize.js */ = {
			isa = PBXGroup;
			children = (
				2C47E3F62883694200FD4469 /* README.md */,
				2C47E3F72883694200FD4469 /* Localize.js */,
			);
			path = Localize.js;
			sourceTree = "<group>";
		};
		2C47E3F928836A5100FD4469 /* ViewModels */ = {
			isa = PBXGroup;
			children = (
				2C47E3FA28836A6A00FD4469 /* DeviceModel.swift */,
				2CF24AA52884289100778BD9 /* NamiNavigator.swift */,
				2C346CA3289EB1C900F1AD17 /* StackNavigator.swift */,
				2C51C91228847F9E008939F7 /* TasksViewModel.swift */,
				2CFEB90028A43905000B1667 /* Theme.swift */,
			);
			path = ViewModels;
			sourceTree = "<group>";
		};
		2C47E3FE28836F6200FD4469 /* Views */ = {
			isa = PBXGroup;
			children = (
				2CF24AAF28843FD800778BD9 /* Screens */,
				2C3B27C7288CA260007CE538 /* Sheets */,
				2C47E4022883718100FD4469 /* SupportingView */,
			);
			path = Views;
			sourceTree = "<group>";
		};
		2C47E4022883718100FD4469 /* SupportingView */ = {
			isa = PBXGroup;
			children = (
				2CADF16C2895AAA300F5F6B7 /* AppSection.swift */,
				2CF24AA728842AEB00778BD9 /* AppTabView.swift */,
				2C750F65288C2F9400026D67 /* CircularProgressBar.swift */,
				2C3B27C5288C77F7007CE538 /* DateControlView.swift */,
				2C1505E8288C26170040943A /* DayNumbersRowItem.swift */,
				2C47E405288371A300FD4469 /* DetailsColumn.swift */,
				2C1B1986288893F800D734D2 /* LoadingView.swift */,
				2C750F67288C31CF00026D67 /* ProgressSection.swift */,
				2C1B1984288874C100D734D2 /* QuickAddTaskField.swift */,
				2C5AB1B8288D7C870069911C /* ScreenWrapper.swift */,
				2C47E4032883719000FD4469 /* Sidebar.swift */,
				2C750F6B288C335A00026D67 /* TaskItemView.swift */,
				2C750F69288C328C00026D67 /* TasksSection.swift */,
				2CDC6DA5288D616B00BF8E06 /* ToolbarButton.swift */,
			);
			path = SupportingView;
			sourceTree = "<group>";
		};
		2C51C90B288470C3008939F7 /* Enumerations */ = {
			isa = PBXGroup;
			children = (
				2C51C90C28847115008939F7 /* AppSizes.swift */,
			);
			path = Enumerations;
			sourceTree = "<group>";
		};
		2C51C91428848199008939F7 /* Structures */ = {
			isa = PBXGroup;
			children = (
				2C51C915288481A9008939F7 /* AppTask.swift */,
				2C15758B289EF43E00425CDD /* FeedbackMetadata.swift */,
				2C62FA2E28A7E95F00200BF9 /* StoreKitDonation.swift */,
			);
			path = Structures;
			sourceTree = "<group>";
		};
		2CA7A03028A8F7320031C219 /* StoreKit */ = {
			isa = PBXGroup;
			children = (
				2CA7A02F28A8F5910031C219 /* Donations.storekit */,
			);
			path = StoreKit;
			sourceTree = "<group>";
		};
		2CBCE5FA2881DE240057F4CD = {
			isa = PBXGroup;
			children = (
				2CE0C86D28A8625500B54EC9 /* Brewfile */,
				2CCCADAB2881F1750033E2EF /* LICENSE */,
				2CF24AAB28842E2600778BD9 /* package.json */,
				2C21A68E2896818000693CF2 /* yarn.lock */,
				2CCCADAA2881EFB60033E2EF /* README.md */,
				2CCCADCC2882010F0033E2EF /* Frameworks */,
				2C39A91B28835AC1008BAFD2 /* Locales */,
				2C39A916288357CA008BAFD2 /* Packages */,
				2C12687028A984E3003D1E56 /* Playground */,
				2CBCE6042881DE240057F4CD /* Products */,
				2CCCADAC2881F1970033E2EF /* Scripts */,
				2CBCE6052881DE240057F4CD /* Tasktive */,
				2CCCADB82881FCC80033E2EF /* Tests */,
			);
			sourceTree = "<group>";
		};
		2CBCE6042881DE240057F4CD /* Products */ = {
			isa = PBXGroup;
			children = (
				2CBCE6032881DE240057F4CD /* Tasktive.app */,
				2CCCADBD2881FCF00033E2EF /* CoreTaskTests.xctest */,
			);
			name = Products;
			sourceTree = "<group>";
		};
		2CBCE6052881DE240057F4CD /* Tasktive */ = {
			isa = PBXGroup;
			children = (
				2CBCE6112881DE270057F4CD /* Tasktive.entitlements */,
				2CFCA0A528A97842007A08F2 /* AppDelegate_iOS.swift */,
				2CFCA0A328A977CE007A08F2 /* AppDelegate_macOS.swift */,
				2C51C90E28847438008939F7 /* Constants.swift */,
				2CBCE60D2881DE240057F4CD /* ContentView.swift */,
				2C1B19662888675D00D734D2 /* MainView.swift */,
				2CBCE6062881DE240057F4CD /* TasktiveApp.swift */,
				2C51C90B288470C3008939F7 /* Enumerations */,
				2C47E3F02883685D00FD4469 /* Extensions */,
				2CCCADAF2881F5680033E2EF /* Models */,
				2CBCE6122881DE270057F4CD /* Preview Content */,
				2CCCADD2288204040033E2EF /* Protocols */,
				2C15758D289F026000425CDD /* Resources */,
				2C12686E28A982D1003D1E56 /* SwiftUI */,
				2CCCADCF288203480033E2EF /* Utilities */,
				2C47E3FE28836F6200FD4469 /* Views */,
			);
			path = Tasktive;
			sourceTree = "<group>";
		};
		2CBCE6122881DE270057F4CD /* Preview Content */ = {
			isa = PBXGroup;
			children = (
				2CBCE6132881DE270057F4CD /* Preview Assets.xcassets */,
			);
			path = "Preview Content";
			sourceTree = "<group>";
		};
		2CCCADAC2881F1970033E2EF /* Scripts */ = {
			isa = PBXGroup;
			children = (
				2CE0C86C28A8621200B54EC9 /* bootstrap.sh */,
				2C07056028A0393E0058F646 /* clear_mac_data.sh */,
				2CCCADAD2881F1CC0033E2EF /* pre_compile.sh */,
				2C03068528A006E70071F0CA /* generate_tokens */,
				2C39A91A28835AAD008BAFD2 /* GenerateLocales */,
			);
			path = Scripts;
			sourceTree = "<group>";
		};
		2CCCADAF2881F5680033E2EF /* Models */ = {
			isa = PBXGroup;
			children = (
				2CCCADB02881F56E0033E2EF /* CoreData */,
				2C51C91428848199008939F7 /* Structures */,
				2C47E3F928836A5100FD4469 /* ViewModels */,
			);
			path = Models;
			sourceTree = "<group>";
		};
		2CCCADB02881F56E0033E2EF /* CoreData */ = {
			isa = PBXGroup;
			children = (
				2C1B1977288871BA00D734D2 /* CoreAttachments */,
				2CDC17E428A02DC100F07CF0 /* CoreBase */,
				2C1B19722888716700D734D2 /* CoreReminder */,
				2C1B196D2888712B00D734D2 /* CoreTag */,
				2CCCADB12881F6920033E2EF /* CoreTask */,
				2CDC17E528A02DD000F07CF0 /* CoreTaskList */,
				2CBCE60A2881DE240057F4CD /* Tasktive.xcdatamodeld */,
			);
			path = CoreData;
			sourceTree = "<group>";
		};
		2CCCADB12881F6920033E2EF /* CoreTask */ = {
			isa = PBXGroup;
			children = (
				2CDC17F228A0300400F07CF0 /* CoreTask+CoreDataClass.swift */,
				2CDC17F328A0300400F07CF0 /* CoreTask+CoreDataProperties.swift */,
				2CCCADB62881F94D0033E2EF /* CoreTask+CRUD.swift */,
				2C51C91928848392008939F7 /* CoreTask+Taskable.swift */,
			);
			path = CoreTask;
			sourceTree = "<group>";
		};
		2CCCADB82881FCC80033E2EF /* Tests */ = {
			isa = PBXGroup;
			children = (
				2CCCADBE2881FCF00033E2EF /* CoreTaskTests */,
			);
			path = Tests;
			sourceTree = "<group>";
		};
		2CCCADBE2881FCF00033E2EF /* CoreTaskTests */ = {
			isa = PBXGroup;
			children = (
				2CCCADBF2881FCF00033E2EF /* CoreTaskSpec.swift */,
			);
			path = CoreTaskTests;
			sourceTree = "<group>";
		};
		2CCCADCC2882010F0033E2EF /* Frameworks */ = {
			isa = PBXGroup;
			children = (
			);
			name = Frameworks;
			sourceTree = "<group>";
		};
		2CCCADCF288203480033E2EF /* Utilities */ = {
			isa = PBXGroup;
			children = (
				2C51C91028847C3B008939F7 /* DataClient.swift */,
				2CCCADD0288203720033E2EF /* Logster.swift */,
				2CBCE6082881DE240057F4CD /* Persistence.swift */,
				2C157592289F03B800425CDD /* TokensHolder.swift */,
			);
			path = Utilities;
			sourceTree = "<group>";
		};
		2CCCADD2288204040033E2EF /* Protocols */ = {
			isa = PBXGroup;
			children = (
				2CCCADD3288204100033E2EF /* Crudable.swift */,
				2C1B196B28886CFB00D734D2 /* PopUpError.swift */,
				2C51C917288481F7008939F7 /* Taskable.swift */,
			);
			path = Protocols;
			sourceTree = "<group>";
		};
		2CDC17E428A02DC100F07CF0 /* CoreBase */ = {
			isa = PBXGroup;
			children = (
				2CDC17E628A02E5400F07CF0 /* CoreBase+CoreDataClass.swift */,
				2CDC17E728A02E5400F07CF0 /* CoreBase+CoreDataProperties.swift */,
			);
			path = CoreBase;
			sourceTree = "<group>";
		};
		2CDC17E528A02DD000F07CF0 /* CoreTaskList */ = {
			isa = PBXGroup;
			children = (
				2CDC17EE28A02F8D00F07CF0 /* CoreTaskList+CoreDataClass.swift */,
				2CDC17EF28A02F8D00F07CF0 /* CoreTaskList+CoreDataProperties.swift */,
			);
			path = CoreTaskList;
			sourceTree = "<group>";
		};
		2CF24AAF28843FD800778BD9 /* Screens */ = {
			isa = PBXGroup;
			children = (
				2CC79CE2288D78A400FD5792 /* SettingsScreen.swift */,
				2CF24AB028843FE800778BD9 /* TasksScreen.swift */,
			);
			path = Screens;
			sourceTree = "<group>";
		};
/* End PBXGroup section */

/* Begin PBXNativeTarget section */
		2CBCE6022881DE240057F4CD /* Tasktive */ = {
			isa = PBXNativeTarget;
			buildConfigurationList = 2CBCE6172881DE270057F4CD /* Build configuration list for PBXNativeTarget "Tasktive" */;
			buildPhases = (
				2CCCADAE2881F1F80033E2EF /* Pre Compile */,
				2CBCE5FF2881DE240057F4CD /* Sources */,
				2CBCE6002881DE240057F4CD /* Frameworks */,
				2CBCE6012881DE240057F4CD /* Resources */,
			);
			buildRules = (
			);
			dependencies = (
			);
			name = Tasktive;
			packageProductDependencies = (
				2C39A918288359A1008BAFD2 /* TasktiveLocale */,
				2C47E40028836FBF00FD4469 /* SalmonUI */,
				2CF24AAD28842F9A00778BD9 /* ShrimpExtensions */,
				2C1B19692888689700D734D2 /* PopperUp */,
				2CAF4E40288DD036007C2D1A /* SettingsUI */,
			);
			productName = Tasktive;
			productReference = 2CBCE6032881DE240057F4CD /* Tasktive.app */;
			productType = "com.apple.product-type.application";
		};
		2CCCADBC2881FCF00033E2EF /* CoreTaskTests */ = {
			isa = PBXNativeTarget;
			buildConfigurationList = 2CCCADC32881FCF00033E2EF /* Build configuration list for PBXNativeTarget "CoreTaskTests" */;
			buildPhases = (
				2CCCADB92881FCF00033E2EF /* Sources */,
				2CCCADBA2881FCF00033E2EF /* Frameworks */,
				2CCCADBB2881FCF00033E2EF /* Resources */,
			);
			buildRules = (
			);
			dependencies = (
				2CCCADC22881FCF00033E2EF /* PBXTargetDependency */,
			);
			name = CoreTaskTests;
			packageProductDependencies = (
				2CCCADC72881FECB0033E2EF /* Quick */,
				2CCCADCD2882010F0033E2EF /* Nimble */,
			);
			productName = CoreTaskTests;
			productReference = 2CCCADBD2881FCF00033E2EF /* CoreTaskTests.xctest */;
			productType = "com.apple.product-type.bundle.unit-test";
		};
/* End PBXNativeTarget section */

/* Begin PBXProject section */
		2CBCE5FB2881DE240057F4CD /* Project object */ = {
			isa = PBXProject;
			attributes = {
				BuildIndependentTargetsInParallel = 1;
				LastSwiftUpdateCheck = 1400;
				LastUpgradeCheck = 1400;
				TargetAttributes = {
					2CBCE6022881DE240057F4CD = {
						CreatedOnToolsVersion = 14.0;
					};
					2CCCADBC2881FCF00033E2EF = {
						CreatedOnToolsVersion = 14.0;
						TestTargetID = 2CBCE6022881DE240057F4CD;
					};
				};
			};
			buildConfigurationList = 2CBCE5FE2881DE240057F4CD /* Build configuration list for PBXProject "Tasktive" */;
			compatibilityVersion = "Xcode 13.0";
			developmentRegion = en;
			hasScannedForEncodings = 0;
			knownRegions = (
				en,
				Base,
			);
			mainGroup = 2CBCE5FA2881DE240057F4CD;
			packageReferences = (
				2CCCADC62881FECB0033E2EF /* XCRemoteSwiftPackageReference "Quick" */,
				2CCCADC92881FEE90033E2EF /* XCRemoteSwiftPackageReference "Nimble" */,
				2C47E3FF28836FBF00FD4469 /* XCRemoteSwiftPackageReference "SalmonUI" */,
				2CF24AAC28842F9A00778BD9 /* XCRemoteSwiftPackageReference "ShrimpExtensions" */,
				2C1B19682888689700D734D2 /* XCRemoteSwiftPackageReference "PopperUp" */,
			);
			productRefGroup = 2CBCE6042881DE240057F4CD /* Products */;
			projectDirPath = "";
			projectRoot = "";
			targets = (
				2CBCE6022881DE240057F4CD /* Tasktive */,
				2CCCADBC2881FCF00033E2EF /* CoreTaskTests */,
			);
		};
/* End PBXProject section */

/* Begin PBXResourcesBuildPhase section */
		2CBCE6012881DE240057F4CD /* Resources */ = {
			isa = PBXResourcesBuildPhase;
			buildActionMask = 2147483647;
			files = (
				2CBCE6142881DE270057F4CD /* Preview Assets.xcassets in Resources */,
				2CBCE6102881DE270057F4CD /* Assets.xcassets in Resources */,
				2C157591289F02E900425CDD /* Tokens.json in Resources */,
			);
			runOnlyForDeploymentPostprocessing = 0;
		};
		2CCCADBB2881FCF00033E2EF /* Resources */ = {
			isa = PBXResourcesBuildPhase;
			buildActionMask = 2147483647;
			files = (
			);
			runOnlyForDeploymentPostprocessing = 0;
		};
/* End PBXResourcesBuildPhase section */

/* Begin PBXShellScriptBuildPhase section */
		2CCCADAE2881F1F80033E2EF /* Pre Compile */ = {
			isa = PBXShellScriptBuildPhase;
			alwaysOutOfDate = 1;
			buildActionMask = 2147483647;
			files = (
			);
			inputFileListPaths = (
			);
			inputPaths = (
			);
			name = "Pre Compile";
			outputFileListPaths = (
			);
			outputPaths = (
			);
			runOnlyForDeploymentPostprocessing = 0;
			shellPath = /bin/sh;
			shellScript = "\nsh Scripts/pre_compile.sh\n";
		};
/* End PBXShellScriptBuildPhase section */

/* Begin PBXSourcesBuildPhase section */
		2CBCE5FF2881DE240057F4CD /* Sources */ = {
			isa = PBXSourcesBuildPhase;
			buildActionMask = 2147483647;
			files = (
				2C51C90D28847115008939F7 /* AppSizes.swift in Sources */,
				2C1B19672888675D00D734D2 /* MainView.swift in Sources */,
				2C47E406288371A300FD4469 /* DetailsColumn.swift in Sources */,
				2C1B1987288893F800D734D2 /* LoadingView.swift in Sources */,
				2CCCADD1288203720033E2EF /* Logster.swift in Sources */,
				2C5AB1B9288D7C870069911C /* ScreenWrapper.swift in Sources */,
				2C47E3FD28836B2200FD4469 /* NotificationName+extensions.swift in Sources */,
				2CF24AA62884289100778BD9 /* NamiNavigator.swift in Sources */,
				2C750F6C288C335A00026D67 /* TaskItemView.swift in Sources */,
				2C51C91128847C3B008939F7 /* DataClient.swift in Sources */,
				2CCCADB72881F94D0033E2EF /* CoreTask+CRUD.swift in Sources */,
				2CBCE6072881DE240057F4CD /* TasktiveApp.swift in Sources */,
				2C3B27C6288C77F7007CE538 /* DateControlView.swift in Sources */,
				2C51C918288481F7008939F7 /* Taskable.swift in Sources */,
				2CFCA0A628A97842007A08F2 /* AppDelegate_iOS.swift in Sources */,
				2CBCE6092881DE240057F4CD /* Persistence.swift in Sources */,
				2CCCADD4288204100033E2EF /* Crudable.swift in Sources */,
				2C750F66288C2F9400026D67 /* CircularProgressBar.swift in Sources */,
				2CDFB1B028A6DA53004ACED7 /* Colors.swift in Sources */,
				2CDC17F128A02F8D00F07CF0 /* CoreTaskList+CoreDataProperties.swift in Sources */,
				2C51C916288481A9008939F7 /* AppTask.swift in Sources */,
				2C15758C289EF43E00425CDD /* FeedbackMetadata.swift in Sources */,
				2C51C91A28848392008939F7 /* CoreTask+Taskable.swift in Sources */,
				2CF24AB128843FE800778BD9 /* TasksScreen.swift in Sources */,
				2CADF16D2895AAA300F5F6B7 /* AppSection.swift in Sources */,
				2CFCA0A428A977CE007A08F2 /* AppDelegate_macOS.swift in Sources */,
				2CDC180028A0321B00F07CF0 /* CoreTag+CoreDataClass.swift in Sources */,
				2C47E3F22883688F00FD4469 /* Text+extensions.swift in Sources */,
				2CF24AAA28842B5B00778BD9 /* View+extensions.swift in Sources */,
				2C1B1985288874C100D734D2 /* QuickAddTaskField.swift in Sources */,
				2C47E3FB28836A6A00FD4469 /* DeviceModel.swift in Sources */,
				2CDC17FD28A031AF00F07CF0 /* CoreReminder+CoreDataProperties.swift in Sources */,
				2C51C90F28847438008939F7 /* Constants.swift in Sources */,
				2C62FA2F28A7E95F00200BF9 /* StoreKitDonation.swift in Sources */,
				2CDC17F428A0300400F07CF0 /* CoreTask+CoreDataClass.swift in Sources */,
				2CBCE60E2881DE240057F4CD /* ContentView.swift in Sources */,
				2CDC17E828A02E5400F07CF0 /* CoreBase+CoreDataClass.swift in Sources */,
				2CDC17F028A02F8D00F07CF0 /* CoreTaskList+CoreDataClass.swift in Sources */,
				2C346CA4289EB1C900F1AD17 /* StackNavigator.swift in Sources */,
				2CFEB90128A43905000B1667 /* Theme.swift in Sources */,
				2CFEB90328A43F75000B1667 /* UserDefaults+extensions.swift in Sources */,
				2C1505E9288C26170040943A /* DayNumbersRowItem.swift in Sources */,
				2C47E4042883719000FD4469 /* Sidebar.swift in Sources */,
				2CDC17FC28A031AF00F07CF0 /* CoreReminder+CoreDataClass.swift in Sources */,
				2C157593289F03B800425CDD /* TokensHolder.swift in Sources */,
				2CDC17E928A02E5400F07CF0 /* CoreBase+CoreDataProperties.swift in Sources */,
				2CDC17F828A030D600F07CF0 /* CoreAttachments+CoreDataClass.swift in Sources */,
				2CF24AA828842AEB00778BD9 /* AppTabView.swift in Sources */,
				2CBCE60C2881DE240057F4CD /* Tasktive.xcdatamodeld in Sources */,
				2CDC17F928A030D600F07CF0 /* CoreAttachments+CoreDataProperties.swift in Sources */,
				2C12687228A984FE003D1E56 /* PlaygroundScreen.swift in Sources */,
				2C750F68288C31CF00026D67 /* ProgressSection.swift in Sources */,
				2CDC6DA6288D616B00BF8E06 /* ToolbarButton.swift in Sources */,
				2CDC180128A0321B00F07CF0 /* CoreTag+CoreDataProperties.swift in Sources */,
				2C3B27C9288CA274007CE538 /* TaskDetailsSheet.swift in Sources */,
				2CDC17F528A0300400F07CF0 /* CoreTask+CoreDataProperties.swift in Sources */,
				2C750F6A288C328C00026D67 /* TasksSection.swift in Sources */,
				2CC79CE3288D78A400FD5792 /* SettingsScreen.swift in Sources */,
				2C51C91328847F9E008939F7 /* TasksViewModel.swift in Sources */,
				2C1B196C28886CFB00D734D2 /* PopUpError.swift in Sources */,
			);
			runOnlyForDeploymentPostprocessing = 0;
		};
		2CCCADB92881FCF00033E2EF /* Sources */ = {
			isa = PBXSourcesBuildPhase;
			buildActionMask = 2147483647;
			files = (
				2CCCADC02881FCF00033E2EF /* CoreTaskSpec.swift in Sources */,
			);
			runOnlyForDeploymentPostprocessing = 0;
		};
/* End PBXSourcesBuildPhase section */

/* Begin PBXTargetDependency section */
		2CCCADC22881FCF00033E2EF /* PBXTargetDependency */ = {
			isa = PBXTargetDependency;
			target = 2CBCE6022881DE240057F4CD /* Tasktive */;
			targetProxy = 2CCCADC12881FCF00033E2EF /* PBXContainerItemProxy */;
		};
/* End PBXTargetDependency section */

/* Begin XCBuildConfiguration section */
		2CBCE6152881DE270057F4CD /* Debug */ = {
			isa = XCBuildConfiguration;
			buildSettings = {
				ALWAYS_SEARCH_USER_PATHS = NO;
				CLANG_ANALYZER_NONNULL = YES;
				CLANG_ANALYZER_NUMBER_OBJECT_CONVERSION = YES_AGGRESSIVE;
				CLANG_CXX_LANGUAGE_STANDARD = "gnu++17";
				CLANG_ENABLE_MODULES = YES;
				CLANG_ENABLE_OBJC_ARC = YES;
				CLANG_ENABLE_OBJC_WEAK = YES;
				CLANG_WARN_BLOCK_CAPTURE_AUTORELEASING = YES;
				CLANG_WARN_BOOL_CONVERSION = YES;
				CLANG_WARN_COMMA = YES;
				CLANG_WARN_CONSTANT_CONVERSION = YES;
				CLANG_WARN_DEPRECATED_OBJC_IMPLEMENTATIONS = YES;
				CLANG_WARN_DIRECT_OBJC_ISA_USAGE = YES_ERROR;
				CLANG_WARN_DOCUMENTATION_COMMENTS = YES;
				CLANG_WARN_EMPTY_BODY = YES;
				CLANG_WARN_ENUM_CONVERSION = YES;
				CLANG_WARN_INFINITE_RECURSION = YES;
				CLANG_WARN_INT_CONVERSION = YES;
				CLANG_WARN_NON_LITERAL_NULL_CONVERSION = YES;
				CLANG_WARN_OBJC_IMPLICIT_RETAIN_SELF = YES;
				CLANG_WARN_OBJC_LITERAL_CONVERSION = YES;
				CLANG_WARN_OBJC_ROOT_CLASS = YES_ERROR;
				CLANG_WARN_QUOTED_INCLUDE_IN_FRAMEWORK_HEADER = YES;
				CLANG_WARN_RANGE_LOOP_ANALYSIS = YES;
				CLANG_WARN_STRICT_PROTOTYPES = YES;
				CLANG_WARN_SUSPICIOUS_MOVE = YES;
				CLANG_WARN_UNGUARDED_AVAILABILITY = YES_AGGRESSIVE;
				CLANG_WARN_UNREACHABLE_CODE = YES;
				CLANG_WARN__DUPLICATE_METHOD_MATCH = YES;
				COPY_PHASE_STRIP = NO;
				DEBUG_INFORMATION_FORMAT = dwarf;
				ENABLE_STRICT_OBJC_MSGSEND = YES;
				ENABLE_TESTABILITY = YES;
				GCC_C_LANGUAGE_STANDARD = gnu11;
				GCC_DYNAMIC_NO_PIC = NO;
				GCC_NO_COMMON_BLOCKS = YES;
				GCC_OPTIMIZATION_LEVEL = 0;
				GCC_PREPROCESSOR_DEFINITIONS = (
					"DEBUG=1",
					"$(inherited)",
				);
				GCC_WARN_64_TO_32_BIT_CONVERSION = YES;
				GCC_WARN_ABOUT_RETURN_TYPE = YES_ERROR;
				GCC_WARN_UNDECLARED_SELECTOR = YES;
				GCC_WARN_UNINITIALIZED_AUTOS = YES_AGGRESSIVE;
				GCC_WARN_UNUSED_FUNCTION = YES;
				GCC_WARN_UNUSED_VARIABLE = YES;
				MTL_ENABLE_DEBUG_INFO = INCLUDE_SOURCE;
				MTL_FAST_MATH = YES;
				ONLY_ACTIVE_ARCH = YES;
				SWIFT_ACTIVE_COMPILATION_CONDITIONS = DEBUG;
				SWIFT_OPTIMIZATION_LEVEL = "-Onone";
			};
			name = Debug;
		};
		2CBCE6162881DE270057F4CD /* Release */ = {
			isa = XCBuildConfiguration;
			buildSettings = {
				ALWAYS_SEARCH_USER_PATHS = NO;
				CLANG_ANALYZER_NONNULL = YES;
				CLANG_ANALYZER_NUMBER_OBJECT_CONVERSION = YES_AGGRESSIVE;
				CLANG_CXX_LANGUAGE_STANDARD = "gnu++17";
				CLANG_ENABLE_MODULES = YES;
				CLANG_ENABLE_OBJC_ARC = YES;
				CLANG_ENABLE_OBJC_WEAK = YES;
				CLANG_WARN_BLOCK_CAPTURE_AUTORELEASING = YES;
				CLANG_WARN_BOOL_CONVERSION = YES;
				CLANG_WARN_COMMA = YES;
				CLANG_WARN_CONSTANT_CONVERSION = YES;
				CLANG_WARN_DEPRECATED_OBJC_IMPLEMENTATIONS = YES;
				CLANG_WARN_DIRECT_OBJC_ISA_USAGE = YES_ERROR;
				CLANG_WARN_DOCUMENTATION_COMMENTS = YES;
				CLANG_WARN_EMPTY_BODY = YES;
				CLANG_WARN_ENUM_CONVERSION = YES;
				CLANG_WARN_INFINITE_RECURSION = YES;
				CLANG_WARN_INT_CONVERSION = YES;
				CLANG_WARN_NON_LITERAL_NULL_CONVERSION = YES;
				CLANG_WARN_OBJC_IMPLICIT_RETAIN_SELF = YES;
				CLANG_WARN_OBJC_LITERAL_CONVERSION = YES;
				CLANG_WARN_OBJC_ROOT_CLASS = YES_ERROR;
				CLANG_WARN_QUOTED_INCLUDE_IN_FRAMEWORK_HEADER = YES;
				CLANG_WARN_RANGE_LOOP_ANALYSIS = YES;
				CLANG_WARN_STRICT_PROTOTYPES = YES;
				CLANG_WARN_SUSPICIOUS_MOVE = YES;
				CLANG_WARN_UNGUARDED_AVAILABILITY = YES_AGGRESSIVE;
				CLANG_WARN_UNREACHABLE_CODE = YES;
				CLANG_WARN__DUPLICATE_METHOD_MATCH = YES;
				COPY_PHASE_STRIP = NO;
				DEBUG_INFORMATION_FORMAT = "dwarf-with-dsym";
				ENABLE_NS_ASSERTIONS = NO;
				ENABLE_STRICT_OBJC_MSGSEND = YES;
				GCC_C_LANGUAGE_STANDARD = gnu11;
				GCC_NO_COMMON_BLOCKS = YES;
				GCC_WARN_64_TO_32_BIT_CONVERSION = YES;
				GCC_WARN_ABOUT_RETURN_TYPE = YES_ERROR;
				GCC_WARN_UNDECLARED_SELECTOR = YES;
				GCC_WARN_UNINITIALIZED_AUTOS = YES_AGGRESSIVE;
				GCC_WARN_UNUSED_FUNCTION = YES;
				GCC_WARN_UNUSED_VARIABLE = YES;
				MTL_ENABLE_DEBUG_INFO = NO;
				MTL_FAST_MATH = YES;
				SWIFT_COMPILATION_MODE = wholemodule;
				SWIFT_OPTIMIZATION_LEVEL = "-O";
			};
			name = Release;
		};
		2CBCE6182881DE270057F4CD /* Debug */ = {
			isa = XCBuildConfiguration;
			buildSettings = {
				ASSETCATALOG_COMPILER_APPICON_NAME = AppIcon;
				ASSETCATALOG_COMPILER_GLOBAL_ACCENT_COLOR_NAME = AccentColor;
				CODE_SIGN_ENTITLEMENTS = Tasktive/Tasktive.entitlements;
				CODE_SIGN_STYLE = Automatic;
				CURRENT_PROJECT_VERSION = 1;
				DEVELOPMENT_ASSET_PATHS = "\"Tasktive/Preview Content\"";
				DEVELOPMENT_TEAM = DXUKH9VF73;
				ENABLE_HARDENED_RUNTIME = YES;
				ENABLE_PREVIEWS = YES;
				GENERATE_INFOPLIST_FILE = YES;
				INFOPLIST_KEY_CFBundleDisplayName = Tasktivity;
				"INFOPLIST_KEY_UILaunchScreen_Generation[sdk=iphoneos*]" = YES;
				"INFOPLIST_KEY_UILaunchScreen_Generation[sdk=iphonesimulator*]" = YES;
				INFOPLIST_KEY_UISupportedInterfaceOrientations_iPad = "UIInterfaceOrientationPortrait UIInterfaceOrientationPortraitUpsideDown UIInterfaceOrientationLandscapeLeft UIInterfaceOrientationLandscapeRight";
				INFOPLIST_KEY_UISupportedInterfaceOrientations_iPhone = "UIInterfaceOrientationPortrait UIInterfaceOrientationLandscapeLeft UIInterfaceOrientationLandscapeRight";
				IPHONEOS_DEPLOYMENT_TARGET = 16.0;
				LD_RUNPATH_SEARCH_PATHS = "@executable_path/Frameworks";
				"LD_RUNPATH_SEARCH_PATHS[sdk=macosx*]" = "@executable_path/../Frameworks";
				MACOSX_DEPLOYMENT_TARGET = 13.0;
				MARKETING_VERSION = 1.0;
				PRODUCT_BUNDLE_IDENTIFIER = io.kamaal.Tasktivity;
				PRODUCT_NAME = "$(TARGET_NAME)";
				SDKROOT = auto;
				SUPPORTED_PLATFORMS = "iphoneos iphonesimulator macosx";
				SWIFT_EMIT_LOC_STRINGS = YES;
				SWIFT_VERSION = 5.0;
				TARGETED_DEVICE_FAMILY = "1,2";
			};
			name = Debug;
		};
		2CBCE6192881DE270057F4CD /* Release */ = {
			isa = XCBuildConfiguration;
			buildSettings = {
				ASSETCATALOG_COMPILER_APPICON_NAME = AppIcon;
				ASSETCATALOG_COMPILER_GLOBAL_ACCENT_COLOR_NAME = AccentColor;
				CODE_SIGN_ENTITLEMENTS = Tasktive/Tasktive.entitlements;
				CODE_SIGN_STYLE = Automatic;
				CURRENT_PROJECT_VERSION = 1;
				DEVELOPMENT_ASSET_PATHS = "\"Tasktive/Preview Content\"";
				DEVELOPMENT_TEAM = DXUKH9VF73;
				ENABLE_HARDENED_RUNTIME = YES;
				ENABLE_PREVIEWS = YES;
				GENERATE_INFOPLIST_FILE = YES;
				INFOPLIST_KEY_CFBundleDisplayName = Tasktivity;
				"INFOPLIST_KEY_UILaunchScreen_Generation[sdk=iphoneos*]" = YES;
				"INFOPLIST_KEY_UILaunchScreen_Generation[sdk=iphonesimulator*]" = YES;
				INFOPLIST_KEY_UISupportedInterfaceOrientations_iPad = "UIInterfaceOrientationPortrait UIInterfaceOrientationPortraitUpsideDown UIInterfaceOrientationLandscapeLeft UIInterfaceOrientationLandscapeRight";
				INFOPLIST_KEY_UISupportedInterfaceOrientations_iPhone = "UIInterfaceOrientationPortrait UIInterfaceOrientationLandscapeLeft UIInterfaceOrientationLandscapeRight";
				IPHONEOS_DEPLOYMENT_TARGET = 16.0;
				LD_RUNPATH_SEARCH_PATHS = "@executable_path/Frameworks";
				"LD_RUNPATH_SEARCH_PATHS[sdk=macosx*]" = "@executable_path/../Frameworks";
				MACOSX_DEPLOYMENT_TARGET = 13.0;
				MARKETING_VERSION = 1.0;
				PRODUCT_BUNDLE_IDENTIFIER = io.kamaal.Tasktivity;
				PRODUCT_NAME = "$(TARGET_NAME)";
				SDKROOT = auto;
				SUPPORTED_PLATFORMS = "iphoneos iphonesimulator macosx";
				SWIFT_EMIT_LOC_STRINGS = YES;
				SWIFT_VERSION = 5.0;
				TARGETED_DEVICE_FAMILY = "1,2";
			};
			name = Release;
		};
		2CCCADC42881FCF00033E2EF /* Debug */ = {
			isa = XCBuildConfiguration;
			buildSettings = {
				BUNDLE_LOADER = "$(TEST_HOST)";
				CODE_SIGN_STYLE = Automatic;
				CURRENT_PROJECT_VERSION = 1;
				DEVELOPMENT_TEAM = DXUKH9VF73;
				GENERATE_INFOPLIST_FILE = YES;
				IPHONEOS_DEPLOYMENT_TARGET = 16.0;
				MARKETING_VERSION = 1.0;
				PRODUCT_BUNDLE_IDENTIFIER = io.kamaal.CoreTaskTests;
				PRODUCT_NAME = "$(TARGET_NAME)";
				SDKROOT = iphoneos;
				SWIFT_EMIT_LOC_STRINGS = NO;
				SWIFT_VERSION = 5.0;
				TARGETED_DEVICE_FAMILY = "1,2";
				TEST_HOST = "$(BUILT_PRODUCTS_DIR)/Tasktive.app/$(BUNDLE_EXECUTABLE_FOLDER_PATH)/Tasktive";
			};
			name = Debug;
		};
		2CCCADC52881FCF00033E2EF /* Release */ = {
			isa = XCBuildConfiguration;
			buildSettings = {
				BUNDLE_LOADER = "$(TEST_HOST)";
				CODE_SIGN_STYLE = Automatic;
				CURRENT_PROJECT_VERSION = 1;
				DEVELOPMENT_TEAM = DXUKH9VF73;
				GENERATE_INFOPLIST_FILE = YES;
				IPHONEOS_DEPLOYMENT_TARGET = 16.0;
				MARKETING_VERSION = 1.0;
				PRODUCT_BUNDLE_IDENTIFIER = io.kamaal.CoreTaskTests;
				PRODUCT_NAME = "$(TARGET_NAME)";
				SDKROOT = iphoneos;
				SWIFT_EMIT_LOC_STRINGS = NO;
				SWIFT_VERSION = 5.0;
				TARGETED_DEVICE_FAMILY = "1,2";
				TEST_HOST = "$(BUILT_PRODUCTS_DIR)/Tasktive.app/$(BUNDLE_EXECUTABLE_FOLDER_PATH)/Tasktive";
				VALIDATE_PRODUCT = YES;
			};
			name = Release;
		};
/* End XCBuildConfiguration section */

/* Begin XCConfigurationList section */
		2CBCE5FE2881DE240057F4CD /* Build configuration list for PBXProject "Tasktive" */ = {
			isa = XCConfigurationList;
			buildConfigurations = (
				2CBCE6152881DE270057F4CD /* Debug */,
				2CBCE6162881DE270057F4CD /* Release */,
			);
			defaultConfigurationIsVisible = 0;
			defaultConfigurationName = Release;
		};
		2CBCE6172881DE270057F4CD /* Build configuration list for PBXNativeTarget "Tasktive" */ = {
			isa = XCConfigurationList;
			buildConfigurations = (
				2CBCE6182881DE270057F4CD /* Debug */,
				2CBCE6192881DE270057F4CD /* Release */,
			);
			defaultConfigurationIsVisible = 0;
			defaultConfigurationName = Release;
		};
		2CCCADC32881FCF00033E2EF /* Build configuration list for PBXNativeTarget "CoreTaskTests" */ = {
			isa = XCConfigurationList;
			buildConfigurations = (
				2CCCADC42881FCF00033E2EF /* Debug */,
				2CCCADC52881FCF00033E2EF /* Release */,
			);
			defaultConfigurationIsVisible = 0;
			defaultConfigurationName = Release;
		};
/* End XCConfigurationList section */

/* Begin XCRemoteSwiftPackageReference section */
		2C1B19682888689700D734D2 /* XCRemoteSwiftPackageReference "PopperUp" */ = {
			isa = XCRemoteSwiftPackageReference;
			repositoryURL = "https://github.com/kamaal111/PopperUp.git";
			requirement = {
				kind = upToNextMinorVersion;
				minimumVersion = 0.2.0;
			};
		};
		2C47E3FF28836FBF00FD4469 /* XCRemoteSwiftPackageReference "SalmonUI" */ = {
			isa = XCRemoteSwiftPackageReference;
			repositoryURL = "https://github.com/kamaal111/SalmonUI.git";
			requirement = {
				kind = upToNextMajorVersion;
				minimumVersion = 4.0.0;
			};
		};
		2CCCADC62881FECB0033E2EF /* XCRemoteSwiftPackageReference "Quick" */ = {
			isa = XCRemoteSwiftPackageReference;
			repositoryURL = "https://github.com/Quick/Quick.git";
			requirement = {
				kind = upToNextMajorVersion;
				minimumVersion = 5.0.0;
			};
		};
		2CCCADC92881FEE90033E2EF /* XCRemoteSwiftPackageReference "Nimble" */ = {
			isa = XCRemoteSwiftPackageReference;
			repositoryURL = "https://github.com/Quick/Nimble.git";
			requirement = {
				kind = upToNextMajorVersion;
				minimumVersion = 10.0.0;
			};
		};
		2CF24AAC28842F9A00778BD9 /* XCRemoteSwiftPackageReference "ShrimpExtensions" */ = {
			isa = XCRemoteSwiftPackageReference;
			repositoryURL = "https://github.com/kamaal111/ShrimpExtensions.git";
			requirement = {
				kind = upToNextMajorVersion;
				minimumVersion = 2.6.0;
			};
		};
/* End XCRemoteSwiftPackageReference section */

/* Begin XCSwiftPackageProductDependency section */
		2C1B19692888689700D734D2 /* PopperUp */ = {
			isa = XCSwiftPackageProductDependency;
			package = 2C1B19682888689700D734D2 /* XCRemoteSwiftPackageReference "PopperUp" */;
			productName = PopperUp;
		};
		2C39A918288359A1008BAFD2 /* TasktiveLocale */ = {
			isa = XCSwiftPackageProductDependency;
			productName = TasktiveLocale;
		};
		2C47E40028836FBF00FD4469 /* SalmonUI */ = {
			isa = XCSwiftPackageProductDependency;
			package = 2C47E3FF28836FBF00FD4469 /* XCRemoteSwiftPackageReference "SalmonUI" */;
			productName = SalmonUI;
		};
		2CAF4E40288DD036007C2D1A /* SettingsUI */ = {
			isa = XCSwiftPackageProductDependency;
			productName = SettingsUI;
		};
		2CCCADC72881FECB0033E2EF /* Quick */ = {
			isa = XCSwiftPackageProductDependency;
			package = 2CCCADC62881FECB0033E2EF /* XCRemoteSwiftPackageReference "Quick" */;
			productName = Quick;
		};
		2CCCADCD2882010F0033E2EF /* Nimble */ = {
			isa = XCSwiftPackageProductDependency;
			package = 2CCCADC92881FEE90033E2EF /* XCRemoteSwiftPackageReference "Nimble" */;
			productName = Nimble;
		};
		2CF24AAD28842F9A00778BD9 /* ShrimpExtensions */ = {
			isa = XCSwiftPackageProductDependency;
			package = 2CF24AAC28842F9A00778BD9 /* XCRemoteSwiftPackageReference "ShrimpExtensions" */;
			productName = ShrimpExtensions;
		};
/* End XCSwiftPackageProductDependency section */

/* Begin XCVersionGroup section */
		2CBCE60A2881DE240057F4CD /* Tasktive.xcdatamodeld */ = {
			isa = XCVersionGroup;
			children = (
				2CBCE60B2881DE240057F4CD /* Tasktive.xcdatamodel */,
			);
			currentVersion = 2CBCE60B2881DE240057F4CD /* Tasktive.xcdatamodel */;
			path = Tasktive.xcdatamodeld;
			sourceTree = "<group>";
			versionGroupType = wrapper.xcdatamodel;
		};
/* End XCVersionGroup section */
	};
	rootObject = 2CBCE5FB2881DE240057F4CD /* Project object */;
}
